
Microsoft Visual Studio Solution File, Format Version 12.00
# Visual Studio Version 17
VisualStudioVersion = 17.12.35527.113 d17.12
MinimumVisualStudioVersion = 10.0.40219.1
Project("{FAE04EC0-301F-11D3-BF4B-00C04F79EFBC}") = "VehicleSimulator", "VehicleSimulator\VehicleSimulator.csproj", "{003ED00E-879C-44E6-9AF8-513133B8E664}"
EndProject
Global
	GlobalSection(SolutionConfigurationPlatforms) = preSolution
		Debug|Any CPU = Debug|Any CPU
		Release|Any CPU = Release|Any CPU
	EndGlobalSection
	GlobalSection(ProjectConfigurationPlatforms) = postSolution
		{003ED00E-879C-44E6-9AF8-513133B8E664}.Debug|Any CPU.ActiveCfg = Debug|Any CPU
		{003ED00E-879C-44E6-9AF8-513133B8E664}.Debug|Any CPU.Build.0 = Debug|Any CPU
		{003ED00E-879C-44E6-9AF8-513133B8E664}.Release|Any CPU.ActiveCfg = Release|Any CPU
		{003ED00E-879C-44E6-9AF8-513133B8E664}.Release|Any CPU.Build.0 = Release|Any CPU
	EndGlobalSection
	GlobalSection(SolutionProperties) = preSolution
		HideSolutionNode = FALSE
	EndGlobalSection
EndGlobal
